
Microsoft Visual Studio Solution File, Format Version 12.00
# Visual Studio 14
VisualStudioVersion = 14.0.25420.1
MinimumVisualStudioVersion = 10.0.40219.1
Project("{FAE04EC0-301F-11D3-BF4B-00C04F79EFBC}") = "Obligatorio.Test", "Obligatorio.Test\Obligatorio.Test.csproj", "{5945B17E-21F9-4490-A587-7CA4B081ECD0}"
EndProject
Project("{FAE04EC0-301F-11D3-BF4B-00C04F79EFBC}") = "Dominio", "Dominio\Dominio.csproj", "{990824FF-3CE5-474A-AEC2-E8562F29484D}"
EndProject
Project("{FAE04EC0-301F-11D3-BF4B-00C04F79EFBC}") = "Logica", "Logica\Logica.csproj", "{189B631B-03C7-4C88-AEB4-E5C4B68CD53B}"
EndProject
Project("{FAE04EC0-301F-11D3-BF4B-00C04F79EFBC}") = "InterfazServiceUI", "InterfazUI\InterfazServiceUI.csproj", "{695D2445-80BD-4408-8E9F-B97184E4C61F}"
EndProject
Project("{FAE04EC0-301F-11D3-BF4B-00C04F79EFBC}") = "UI", "UI\UI.csproj", "{72BE2FA9-700E-49EC-BF6F-6F4EE5FED013}"
EndProject
Project("{FAE04EC0-301F-11D3-BF4B-00C04F79EFBC}") = "AccesoDatos", "AccesoDatos\AccesoDatos.csproj", "{2A9C0F29-63A5-460F-88B6-C740629785D4}"
EndProject
Project("{FAE04EC0-301F-11D3-BF4B-00C04F79EFBC}") = "InterfazAccesoDatos", "InterfazAccesoDatos\InterfazAccesoDatos.csproj", "{4090D37B-F9D9-4351-B883-EB69EBB9BA98}"
EndProject
Global
	GlobalSection(SolutionConfigurationPlatforms) = preSolution
		Debug|Any CPU = Debug|Any CPU
		Release|Any CPU = Release|Any CPU
	EndGlobalSection
	GlobalSection(ProjectConfigurationPlatforms) = postSolution
		{5945B17E-21F9-4490-A587-7CA4B081ECD0}.Debug|Any CPU.ActiveCfg = Debug|Any CPU
		{5945B17E-21F9-4490-A587-7CA4B081ECD0}.Debug|Any CPU.Build.0 = Debug|Any CPU
		{5945B17E-21F9-4490-A587-7CA4B081ECD0}.Release|Any CPU.ActiveCfg = Release|Any CPU
		{5945B17E-21F9-4490-A587-7CA4B081ECD0}.Release|Any CPU.Build.0 = Release|Any CPU
		{990824FF-3CE5-474A-AEC2-E8562F29484D}.Debug|Any CPU.ActiveCfg = Debug|Any CPU
		{990824FF-3CE5-474A-AEC2-E8562F29484D}.Debug|Any CPU.Build.0 = Debug|Any CPU
		{990824FF-3CE5-474A-AEC2-E8562F29484D}.Release|Any CPU.ActiveCfg = Release|Any CPU
		{990824FF-3CE5-474A-AEC2-E8562F29484D}.Release|Any CPU.Build.0 = Release|Any CPU
		{189B631B-03C7-4C88-AEB4-E5C4B68CD53B}.Debug|Any CPU.ActiveCfg = Debug|Any CPU
		{189B631B-03C7-4C88-AEB4-E5C4B68CD53B}.Debug|Any CPU.Build.0 = Debug|Any CPU
		{189B631B-03C7-4C88-AEB4-E5C4B68CD53B}.Release|Any CPU.ActiveCfg = Release|Any CPU
		{189B631B-03C7-4C88-AEB4-E5C4B68CD53B}.Release|Any CPU.Build.0 = Release|Any CPU
		{695D2445-80BD-4408-8E9F-B97184E4C61F}.Debug|Any CPU.ActiveCfg = Debug|Any CPU
		{695D2445-80BD-4408-8E9F-B97184E4C61F}.Debug|Any CPU.Build.0 = Debug|Any CPU
		{695D2445-80BD-4408-8E9F-B97184E4C61F}.Release|Any CPU.ActiveCfg = Release|Any CPU
		{695D2445-80BD-4408-8E9F-B97184E4C61F}.Release|Any CPU.Build.0 = Release|Any CPU
		{72BE2FA9-700E-49EC-BF6F-6F4EE5FED013}.Debug|Any CPU.ActiveCfg = Debug|Any CPU
		{72BE2FA9-700E-49EC-BF6F-6F4EE5FED013}.Debug|Any CPU.Build.0 = Debug|Any CPU
		{72BE2FA9-700E-49EC-BF6F-6F4EE5FED013}.Release|Any CPU.ActiveCfg = Release|Any CPU
		{72BE2FA9-700E-49EC-BF6F-6F4EE5FED013}.Release|Any CPU.Build.0 = Release|Any CPU
		{2A9C0F29-63A5-460F-88B6-C740629785D4}.Debug|Any CPU.ActiveCfg = Debug|Any CPU
		{2A9C0F29-63A5-460F-88B6-C740629785D4}.Debug|Any CPU.Build.0 = Debug|Any CPU
		{2A9C0F29-63A5-460F-88B6-C740629785D4}.Release|Any CPU.ActiveCfg = Release|Any CPU
		{2A9C0F29-63A5-460F-88B6-C740629785D4}.Release|Any CPU.Build.0 = Release|Any CPU
		{4090D37B-F9D9-4351-B883-EB69EBB9BA98}.Debug|Any CPU.ActiveCfg = Debug|Any CPU
		{4090D37B-F9D9-4351-B883-EB69EBB9BA98}.Debug|Any CPU.Build.0 = Debug|Any CPU
		{4090D37B-F9D9-4351-B883-EB69EBB9BA98}.Release|Any CPU.ActiveCfg = Release|Any CPU
		{4090D37B-F9D9-4351-B883-EB69EBB9BA98}.Release|Any CPU.Build.0 = Release|Any CPU
	EndGlobalSection
	GlobalSection(SolutionProperties) = preSolution
		HideSolutionNode = FALSE
	EndGlobalSection
EndGlobal
